
Microsoft Visual Studio Solution File, Format Version 12.00
# Visual Studio Version 16
VisualStudioVersion = 16.0.34031.81
MinimumVisualStudioVersion = 10.0.40219.1
Project("{888888A0-9F3D-457C-B088-3A5042F75D52}") = "Practica 07 - Pila en piton", "Practica 07 - Pila en piton\Practica 07 - Pila en piton.pyproj", "{A5EA01B3-1FE2-4BA0-BBDA-4DC094F67ABB}"
EndProject
Global
	GlobalSection(SolutionConfigurationPlatforms) = preSolution
		Debug|Any CPU = Debug|Any CPU
		Release|Any CPU = Release|Any CPU
	EndGlobalSection
	GlobalSection(ProjectConfigurationPlatforms) = postSolution
		{A5EA01B3-1FE2-4BA0-BBDA-4DC094F67ABB}.Debug|Any CPU.ActiveCfg = Debug|Any CPU
		{A5EA01B3-1FE2-4BA0-BBDA-4DC094F67ABB}.Release|Any CPU.ActiveCfg = Release|Any CPU
	EndGlobalSection
	GlobalSection(SolutionProperties) = preSolution
		HideSolutionNode = FALSE
	EndGlobalSection
	GlobalSection(ExtensibilityGlobals) = postSolution
		SolutionGuid = {3E891EE6-6C8E-48BB-9D4D-C80314AB95BD}
	EndGlobalSection
EndGlobal
